
Microsoft Visual Studio Solution File, Format Version 9.00
# Visual Studio 2005
Project("{FAE04EC0-301F-11D3-BF4B-00C04F79EFBC}") = "TransportConnection", "TransportConnection\TransportConnection.csproj", "{9AB85FD8-2EDC-496C-9C23-9CD3E97B274B}"
EndProject
Project("{FAE04EC0-301F-11D3-BF4B-00C04F79EFBC}") = "PutGUI", "PutGUI\PutGUI.csproj", "{ADAD6D7F-7012-4006-BB61-1487A4556465}"
EndProject
Project("{FAE04EC0-301F-11D3-BF4B-00C04F79EFBC}") = "PutCmdline", "PutCmdline\PutCmdline.csproj", "{8028F15F-5C00-4F8A-BA0E-55D18125EEDB}"
EndProject
Project("{FAE04EC0-301F-11D3-BF4B-00C04F79EFBC}") = "GetFolderListings", "GetFolderListings\GetFolderListings.csproj", "{264C2699-D220-4477-9A5E-BA73A05E4B4A}"
EndProject
Project("{FAE04EC0-301F-11D3-BF4B-00C04F79EFBC}") = "GetFirstListedFile", "VbSamples\GetFirstListedFile.vbproj", "{9E98923B-F35B-43D9-9150-0FC98604A30F}"
EndProject
Project("{FAE04EC0-301F-11D3-BF4B-00C04F79EFBC}") = "VbPutSample", "VbSamples\VbPutSample.vbproj", "{9E98923B-F35B-43D9-9150-0FC98604A31F}"
EndProject
Project("{F184B08F-C81C-45F6-A57F-5ABD9991F28F}") = "FolderExplorer2", "FolderExplorer2\FolderExplorer2.vbproj", "{79BD9A34-23D0-4489-AE15-11A679662B8B}"
EndProject
Project("{F184B08F-C81C-45F6-A57F-5ABD9991F28F}") = "PutGuiVb2", "PutGuiVb2\PutGuiVb2.vbproj", "{D7474667-0FC0-431B-A778-A01F10B671E8}"
EndProject
Global
	GlobalSection(SolutionConfigurationPlatforms) = preSolution
		Debug|Any CPU = Debug|Any CPU
		Release|Any CPU = Release|Any CPU
	EndGlobalSection
	GlobalSection(ProjectConfigurationPlatforms) = postSolution
		{9AB85FD8-2EDC-496C-9C23-9CD3E97B274B}.Debug|Any CPU.ActiveCfg = Debug|Any CPU
		{9AB85FD8-2EDC-496C-9C23-9CD3E97B274B}.Debug|Any CPU.Build.0 = Debug|Any CPU
		{9AB85FD8-2EDC-496C-9C23-9CD3E97B274B}.Release|Any CPU.ActiveCfg = Release|Any CPU
		{9AB85FD8-2EDC-496C-9C23-9CD3E97B274B}.Release|Any CPU.Build.0 = Release|Any CPU
		{ADAD6D7F-7012-4006-BB61-1487A4556465}.Debug|Any CPU.ActiveCfg = Debug|Any CPU
		{ADAD6D7F-7012-4006-BB61-1487A4556465}.Debug|Any CPU.Build.0 = Debug|Any CPU
		{ADAD6D7F-7012-4006-BB61-1487A4556465}.Release|Any CPU.ActiveCfg = Release|Any CPU
		{ADAD6D7F-7012-4006-BB61-1487A4556465}.Release|Any CPU.Build.0 = Release|Any CPU
		{8028F15F-5C00-4F8A-BA0E-55D18125EEDB}.Debug|Any CPU.ActiveCfg = Debug|Any CPU
		{8028F15F-5C00-4F8A-BA0E-55D18125EEDB}.Debug|Any CPU.Build.0 = Debug|Any CPU
		{8028F15F-5C00-4F8A-BA0E-55D18125EEDB}.Release|Any CPU.ActiveCfg = Release|Any CPU
		{8028F15F-5C00-4F8A-BA0E-55D18125EEDB}.Release|Any CPU.Build.0 = Release|Any CPU
		{264C2699-D220-4477-9A5E-BA73A05E4B4A}.Debug|Any CPU.ActiveCfg = Debug|Any CPU
		{264C2699-D220-4477-9A5E-BA73A05E4B4A}.Debug|Any CPU.Build.0 = Debug|Any CPU
		{264C2699-D220-4477-9A5E-BA73A05E4B4A}.Release|Any CPU.ActiveCfg = Release|Any CPU
		{264C2699-D220-4477-9A5E-BA73A05E4B4A}.Release|Any CPU.Build.0 = Release|Any CPU
		{9E98923B-F35B-43D9-9150-0FC98604A30F}.Debug|Any CPU.ActiveCfg = Debug|Any CPU
		{9E98923B-F35B-43D9-9150-0FC98604A30F}.Debug|Any CPU.Build.0 = Debug|Any CPU
		{9E98923B-F35B-43D9-9150-0FC98604A30F}.Release|Any CPU.ActiveCfg = Release|Any CPU
		{9E98923B-F35B-43D9-9150-0FC98604A30F}.Release|Any CPU.Build.0 = Release|Any CPU
		{9E98923B-F35B-43D9-9150-0FC98604A31F}.Debug|Any CPU.ActiveCfg = Debug|Any CPU
		{9E98923B-F35B-43D9-9150-0FC98604A31F}.Debug|Any CPU.Build.0 = Debug|Any CPU
		{9E98923B-F35B-43D9-9150-0FC98604A31F}.Release|Any CPU.ActiveCfg = Release|Any CPU
		{9E98923B-F35B-43D9-9150-0FC98604A31F}.Release|Any CPU.Build.0 = Release|Any CPU
		{79BD9A34-23D0-4489-AE15-11A679662B8B}.Debug|Any CPU.ActiveCfg = Debug|Any CPU
		{79BD9A34-23D0-4489-AE15-11A679662B8B}.Debug|Any CPU.Build.0 = Debug|Any CPU
		{79BD9A34-23D0-4489-AE15-11A679662B8B}.Release|Any CPU.ActiveCfg = Release|Any CPU
		{79BD9A34-23D0-4489-AE15-11A679662B8B}.Release|Any CPU.Build.0 = Release|Any CPU
		{D7474667-0FC0-431B-A778-A01F10B671E8}.Debug|Any CPU.ActiveCfg = Debug|Any CPU
		{D7474667-0FC0-431B-A778-A01F10B671E8}.Debug|Any CPU.Build.0 = Debug|Any CPU
		{D7474667-0FC0-431B-A778-A01F10B671E8}.Release|Any CPU.ActiveCfg = Release|Any CPU
		{D7474667-0FC0-431B-A778-A01F10B671E8}.Release|Any CPU.Build.0 = Release|Any CPU
	EndGlobalSection
	GlobalSection(SolutionProperties) = preSolution
		HideSolutionNode = FALSE
	EndGlobalSection
EndGlobal
