Microsoft Visual Studio Solution File, Format Version 8.00
Project("{20D4826A-C6FA-45DB-90F4-C717570B9F32}") = "OpenNETCF.Net.Bluetooth", "..\btchat\OpenNETCF.Net.Bluetooth_050115\OpenNETCF.Net.Bluetooth.csdproj", "{388C894F-4AA3-40BD-A6E8-F90E0B551763}"
	ProjectSection(ProjectDependencies) = postProject
	EndProjectSection
EndProject
Project("{20D4826A-C6FA-45DB-90F4-C717570B9F32}") = "OpenNETCF", "..\btchat\OpenNETCF\OpenNETCF.csdproj", "{6D360DE4-3CA0-4006-AF44-67A38E7D61E6}"
	ProjectSection(ProjectDependencies) = postProject
	EndProjectSection
EndProject
Project("{FAE04EC0-301F-11D3-BF4B-00C04F79EFBC}") = "obextest", "obextest\obextest.csproj", "{FFD4D213-5649-4AA9-B891-7B229D7AF745}"
	ProjectSection(ProjectDependencies) = postProject
	EndProjectSection
EndProject
Project("{20D4826A-C6FA-45DB-90F4-C717570B9F32}") = "OpenNETCF.Net", "..\btchat\OpenNETCF.Net\OpenNETCF.Net.csdproj", "{39DC4301-E4CC-4C4E-9579-336E2B993F51}"
	ProjectSection(ProjectDependencies) = postProject
	EndProjectSection
EndProject
Global
	GlobalSection(SolutionConfiguration) = preSolution
		Debug = Debug
		NDoc = NDoc
		Release = Release
	EndGlobalSection
	GlobalSection(ProjectConfiguration) = postSolution
		{388C894F-4AA3-40BD-A6E8-F90E0B551763}.Debug.ActiveCfg = Debug|Windows CE
		{388C894F-4AA3-40BD-A6E8-F90E0B551763}.Debug.Build.0 = Debug|Windows CE
		{388C894F-4AA3-40BD-A6E8-F90E0B551763}.Debug.Deploy.0 = Debug|Windows CE
		{388C894F-4AA3-40BD-A6E8-F90E0B551763}.NDoc.ActiveCfg = Release|Windows CE
		{388C894F-4AA3-40BD-A6E8-F90E0B551763}.NDoc.Build.0 = Release|Windows CE
		{388C894F-4AA3-40BD-A6E8-F90E0B551763}.NDoc.Deploy.0 = Release|Windows CE
		{388C894F-4AA3-40BD-A6E8-F90E0B551763}.Release.ActiveCfg = Release|Windows CE
		{388C894F-4AA3-40BD-A6E8-F90E0B551763}.Release.Build.0 = Release|Windows CE
		{388C894F-4AA3-40BD-A6E8-F90E0B551763}.Release.Deploy.0 = Release|Windows CE
		{6D360DE4-3CA0-4006-AF44-67A38E7D61E6}.Debug.ActiveCfg = Debug|Windows CE
		{6D360DE4-3CA0-4006-AF44-67A38E7D61E6}.Debug.Build.0 = Debug|Windows CE
		{6D360DE4-3CA0-4006-AF44-67A38E7D61E6}.Debug.Deploy.0 = Debug|Windows CE
		{6D360DE4-3CA0-4006-AF44-67A38E7D61E6}.NDoc.ActiveCfg = NDoc|Windows CE
		{6D360DE4-3CA0-4006-AF44-67A38E7D61E6}.NDoc.Build.0 = NDoc|Windows CE
		{6D360DE4-3CA0-4006-AF44-67A38E7D61E6}.NDoc.Deploy.0 = NDoc|Windows CE
		{6D360DE4-3CA0-4006-AF44-67A38E7D61E6}.Release.ActiveCfg = Release|Windows CE
		{6D360DE4-3CA0-4006-AF44-67A38E7D61E6}.Release.Build.0 = Release|Windows CE
		{6D360DE4-3CA0-4006-AF44-67A38E7D61E6}.Release.Deploy.0 = Release|Windows CE
		{FFD4D213-5649-4AA9-B891-7B229D7AF745}.Debug.ActiveCfg = Debug|.NET
		{FFD4D213-5649-4AA9-B891-7B229D7AF745}.Debug.Build.0 = Debug|.NET
		{FFD4D213-5649-4AA9-B891-7B229D7AF745}.NDoc.ActiveCfg = Release|.NET
		{FFD4D213-5649-4AA9-B891-7B229D7AF745}.NDoc.Build.0 = Release|.NET
		{FFD4D213-5649-4AA9-B891-7B229D7AF745}.Release.ActiveCfg = Release|.NET
		{FFD4D213-5649-4AA9-B891-7B229D7AF745}.Release.Build.0 = Release|.NET
		{39DC4301-E4CC-4C4E-9579-336E2B993F51}.Debug.ActiveCfg = Debug|Windows CE
		{39DC4301-E4CC-4C4E-9579-336E2B993F51}.Debug.Build.0 = Debug|Windows CE
		{39DC4301-E4CC-4C4E-9579-336E2B993F51}.Debug.Deploy.0 = Debug|Windows CE
		{39DC4301-E4CC-4C4E-9579-336E2B993F51}.NDoc.ActiveCfg = NDoc|Windows CE
		{39DC4301-E4CC-4C4E-9579-336E2B993F51}.NDoc.Build.0 = NDoc|Windows CE
		{39DC4301-E4CC-4C4E-9579-336E2B993F51}.NDoc.Deploy.0 = NDoc|Windows CE
		{39DC4301-E4CC-4C4E-9579-336E2B993F51}.Release.ActiveCfg = Release|Windows CE
		{39DC4301-E4CC-4C4E-9579-336E2B993F51}.Release.Build.0 = Release|Windows CE
		{39DC4301-E4CC-4C4E-9579-336E2B993F51}.Release.Deploy.0 = Release|Windows CE
	EndGlobalSection
	GlobalSection(ExtensibilityGlobals) = postSolution
	EndGlobalSection
	GlobalSection(ExtensibilityAddIns) = postSolution
	EndGlobalSection
EndGlobal
