Microsoft Visual Studio Solution File, Format Version 8.00
Project("{20D4826A-C6FA-45DB-90F4-C717570B9F32}") = "OpenNETCF.Net.Bluetooth", "OpenNETCF.Net.Bluetooth.csdproj", "{388C894F-4AA3-40BD-A6E8-F90E0B551763}"
	ProjectSection(ProjectDependencies) = postProject
	EndProjectSection
EndProject
Project("{20D4826A-C6FA-45DB-90F4-C717570B9F32}") = "BluetoothTest", "BluetoothTest\BluetoothTest.csdproj", "{9F3C72D0-F1B8-43FF-B419-517E8A9FB273}"
	ProjectSection(ProjectDependencies) = postProject
	EndProjectSection
EndProject
Project("{20D4826A-C6FA-45DB-90F4-C717570B9F32}") = "SPBT", "..\SPBT\SPBT.csdproj", "{1CC9FB1F-D837-4F1A-82DE-3FD3714886B6}"
	ProjectSection(ProjectDependencies) = postProject
	EndProjectSection
EndProject
Global
	GlobalSection(SourceCodeControl) = preSolution
		SccNumberOfProjects = 4
		SccProjectUniqueName0 = ..\\SPBT\\SPBT.csdproj
		SccProjectName0 = \u0022$/OpenNETCF.Net.Bluetooth/OpenNETCF.Net.Bluetooth\u0022,\u0020OJAAAAAA
		SccLocalPath0 = ..
		CanCheckoutShared = false
		SccProjectFilePathRelativizedFromConnection0 = SPBT\\
		SccLocalPath1 = .
		CanCheckoutShared = false
		SolutionUniqueID = {45A433CD-8418-4E41-9483-37A438DD8672}
		SccProjectUniqueName2 = BluetoothTest\\BluetoothTest.csdproj
		SccLocalPath2 = .
		CanCheckoutShared = false
		SccProjectFilePathRelativizedFromConnection2 = BluetoothTest\\
		SccProjectUniqueName3 = OpenNETCF.Net.Bluetooth.csdproj
		SccLocalPath3 = .
		CanCheckoutShared = false
	EndGlobalSection
	GlobalSection(SolutionConfiguration) = preSolution
		Debug = Debug
		Release = Release
	EndGlobalSection
	GlobalSection(ProjectConfiguration) = postSolution
		{388C894F-4AA3-40BD-A6E8-F90E0B551763}.Debug.ActiveCfg = Debug|Windows CE
		{388C894F-4AA3-40BD-A6E8-F90E0B551763}.Debug.Build.0 = Debug|Windows CE
		{388C894F-4AA3-40BD-A6E8-F90E0B551763}.Debug.Deploy.0 = Debug|Windows CE
		{388C894F-4AA3-40BD-A6E8-F90E0B551763}.Release.ActiveCfg = Release|Windows CE
		{388C894F-4AA3-40BD-A6E8-F90E0B551763}.Release.Build.0 = Release|Windows CE
		{388C894F-4AA3-40BD-A6E8-F90E0B551763}.Release.Deploy.0 = Release|Windows CE
		{9F3C72D0-F1B8-43FF-B419-517E8A9FB273}.Debug.ActiveCfg = Debug|Pocket PC
		{9F3C72D0-F1B8-43FF-B419-517E8A9FB273}.Debug.Build.0 = Debug|Pocket PC
		{9F3C72D0-F1B8-43FF-B419-517E8A9FB273}.Debug.Deploy.0 = Debug|Pocket PC
		{9F3C72D0-F1B8-43FF-B419-517E8A9FB273}.Release.ActiveCfg = Release|Pocket PC
		{9F3C72D0-F1B8-43FF-B419-517E8A9FB273}.Release.Build.0 = Release|Pocket PC
		{9F3C72D0-F1B8-43FF-B419-517E8A9FB273}.Release.Deploy.0 = Release|Pocket PC
		{1CC9FB1F-D837-4F1A-82DE-3FD3714886B6}.Debug.ActiveCfg = Debug|Smartphone
		{1CC9FB1F-D837-4F1A-82DE-3FD3714886B6}.Debug.Build.0 = Debug|Smartphone
		{1CC9FB1F-D837-4F1A-82DE-3FD3714886B6}.Debug.Deploy.0 = Debug|Smartphone
		{1CC9FB1F-D837-4F1A-82DE-3FD3714886B6}.Release.ActiveCfg = Release|Smartphone
		{1CC9FB1F-D837-4F1A-82DE-3FD3714886B6}.Release.Build.0 = Release|Smartphone
		{1CC9FB1F-D837-4F1A-82DE-3FD3714886B6}.Release.Deploy.0 = Release|Smartphone
	EndGlobalSection
	GlobalSection(SolutionItems) = postSolution
		OpenNETCF.Net.Bluetooth.vsd = OpenNETCF.Net.Bluetooth.vsd
	EndGlobalSection
	GlobalSection(ExtensibilityGlobals) = postSolution
	EndGlobalSection
	GlobalSection(ExtensibilityAddIns) = postSolution
	EndGlobalSection
EndGlobal
