
Microsoft Visual Studio Solution File, Format Version 9.00
# Visual Studio 2005
Project("{FAE04EC0-301F-11D3-BF4B-00C04F79EFBC}") = "ObexServer", "ObexServer\ObexServer.csproj", "{0ADFAB47-66EA-4327-BE11-A4988676A3AB}"
	ProjectSection(WebsiteProperties) = preProject
		Debug.AspNetCompiler.Debug = "True"
		Release.AspNetCompiler.Debug = "False"
	EndProjectSection
EndProject
Project("{FAE04EC0-301F-11D3-BF4B-00C04F79EFBC}") = "ObexServer.Test", "ObexServer.Test\ObexServer.Test.csproj", "{EF76328F-04DD-45C7-AC58-E705DABC4E97}"
	ProjectSection(WebsiteProperties) = preProject
		Debug.AspNetCompiler.Debug = "True"
		Release.AspNetCompiler.Debug = "False"
	EndProjectSection
EndProject
Project("{FAE04EC0-301F-11D3-BF4B-00C04F79EFBC}") = "ForCf", "ForCf\ForCf.csproj", "{F4916EB7-E4E6-4AE4-B606-37C884B0DF33}"
	ProjectSection(WebsiteProperties) = preProject
		Debug.AspNetCompiler.Debug = "True"
		Release.AspNetCompiler.Debug = "False"
	EndProjectSection
EndProject
Project("{FAE04EC0-301F-11D3-BF4B-00C04F79EFBC}") = "CmdlineRunner", "CmdlineRunner\CmdlineRunner.csproj", "{1722D1F9-6F8A-42C3-8EEA-30362C28EEF2}"
	ProjectSection(WebsiteProperties) = preProject
		Debug.AspNetCompiler.Debug = "True"
		Release.AspNetCompiler.Debug = "False"
	EndProjectSection
EndProject
Project("{2150E333-8FDC-42A3-9474-1A3956D46DE8}") = "NETCF", "NETCF", "{D5AAD6E3-5411-496A-9E80-7AC8066EC1AE}"
	ProjectSection(WebsiteProperties) = preProject
		Debug.AspNetCompiler.Debug = "True"
		Release.AspNetCompiler.Debug = "False"
	EndProjectSection
EndProject
Project("{FAE04EC0-301F-11D3-BF4B-00C04F79EFBC}") = "WinFormsRunner", "WinFormsRunner\WinFormsRunner.csproj", "{F66E1DEA-2F9D-4130-88A5-8D860412668D}"
	ProjectSection(WebsiteProperties) = preProject
		Debug.AspNetCompiler.Debug = "True"
		Release.AspNetCompiler.Debug = "False"
	EndProjectSection
EndProject
Global
	GlobalSection(SolutionConfigurationPlatforms) = preSolution
		CodeAnalysis|Any CPU = CodeAnalysis|Any CPU
		Debug_notCfSamples|Any CPU = Debug_notCfSamples|Any CPU
		Debug|Any CPU = Debug|Any CPU
		Release|Any CPU = Release|Any CPU
	EndGlobalSection
	GlobalSection(ProjectConfigurationPlatforms) = postSolution
		{0ADFAB47-66EA-4327-BE11-A4988676A3AB}.CodeAnalysis|Any CPU.ActiveCfg = CodeAnalysis|Any CPU
		{0ADFAB47-66EA-4327-BE11-A4988676A3AB}.CodeAnalysis|Any CPU.Build.0 = CodeAnalysis|Any CPU
		{0ADFAB47-66EA-4327-BE11-A4988676A3AB}.Debug_notCfSamples|Any CPU.ActiveCfg = Debug|Any CPU
		{0ADFAB47-66EA-4327-BE11-A4988676A3AB}.Debug_notCfSamples|Any CPU.Build.0 = Debug|Any CPU
		{0ADFAB47-66EA-4327-BE11-A4988676A3AB}.Debug|Any CPU.ActiveCfg = Debug|Any CPU
		{0ADFAB47-66EA-4327-BE11-A4988676A3AB}.Debug|Any CPU.Build.0 = Debug|Any CPU
		{0ADFAB47-66EA-4327-BE11-A4988676A3AB}.Release|Any CPU.ActiveCfg = Release|Any CPU
		{0ADFAB47-66EA-4327-BE11-A4988676A3AB}.Release|Any CPU.Build.0 = Release|Any CPU
		{EF76328F-04DD-45C7-AC58-E705DABC4E97}.CodeAnalysis|Any CPU.ActiveCfg = Release|Any CPU
		{EF76328F-04DD-45C7-AC58-E705DABC4E97}.Debug_notCfSamples|Any CPU.ActiveCfg = Debug|Any CPU
		{EF76328F-04DD-45C7-AC58-E705DABC4E97}.Debug_notCfSamples|Any CPU.Build.0 = Debug|Any CPU
		{EF76328F-04DD-45C7-AC58-E705DABC4E97}.Debug|Any CPU.ActiveCfg = Debug|Any CPU
		{EF76328F-04DD-45C7-AC58-E705DABC4E97}.Debug|Any CPU.Build.0 = Debug|Any CPU
		{EF76328F-04DD-45C7-AC58-E705DABC4E97}.Release|Any CPU.ActiveCfg = Release|Any CPU
		{EF76328F-04DD-45C7-AC58-E705DABC4E97}.Release|Any CPU.Build.0 = Release|Any CPU
		{F4916EB7-E4E6-4AE4-B606-37C884B0DF33}.CodeAnalysis|Any CPU.ActiveCfg = CodeAnalysis|Any CPU
		{F4916EB7-E4E6-4AE4-B606-37C884B0DF33}.CodeAnalysis|Any CPU.Build.0 = CodeAnalysis|Any CPU
		{F4916EB7-E4E6-4AE4-B606-37C884B0DF33}.Debug_notCfSamples|Any CPU.ActiveCfg = Debug|Any CPU
		{F4916EB7-E4E6-4AE4-B606-37C884B0DF33}.Debug|Any CPU.ActiveCfg = Debug|Any CPU
		{F4916EB7-E4E6-4AE4-B606-37C884B0DF33}.Debug|Any CPU.Build.0 = Debug|Any CPU
		{F4916EB7-E4E6-4AE4-B606-37C884B0DF33}.Debug|Any CPU.Deploy.0 = Debug|Any CPU
		{F4916EB7-E4E6-4AE4-B606-37C884B0DF33}.Release|Any CPU.ActiveCfg = Release|Any CPU
		{F4916EB7-E4E6-4AE4-B606-37C884B0DF33}.Release|Any CPU.Build.0 = Release|Any CPU
		{F4916EB7-E4E6-4AE4-B606-37C884B0DF33}.Release|Any CPU.Deploy.0 = Release|Any CPU
		{1722D1F9-6F8A-42C3-8EEA-30362C28EEF2}.CodeAnalysis|Any CPU.ActiveCfg = CodeAnalysis|Any CPU
		{1722D1F9-6F8A-42C3-8EEA-30362C28EEF2}.CodeAnalysis|Any CPU.Build.0 = CodeAnalysis|Any CPU
		{1722D1F9-6F8A-42C3-8EEA-30362C28EEF2}.Debug_notCfSamples|Any CPU.ActiveCfg = Debug|Any CPU
		{1722D1F9-6F8A-42C3-8EEA-30362C28EEF2}.Debug_notCfSamples|Any CPU.Build.0 = Debug|Any CPU
		{1722D1F9-6F8A-42C3-8EEA-30362C28EEF2}.Debug|Any CPU.ActiveCfg = Debug|Any CPU
		{1722D1F9-6F8A-42C3-8EEA-30362C28EEF2}.Debug|Any CPU.Build.0 = Debug|Any CPU
		{1722D1F9-6F8A-42C3-8EEA-30362C28EEF2}.Release|Any CPU.ActiveCfg = Release|Any CPU
		{1722D1F9-6F8A-42C3-8EEA-30362C28EEF2}.Release|Any CPU.Build.0 = Release|Any CPU
		{F66E1DEA-2F9D-4130-88A5-8D860412668D}.CodeAnalysis|Any CPU.ActiveCfg = CodeAnalysis|Any CPU
		{F66E1DEA-2F9D-4130-88A5-8D860412668D}.CodeAnalysis|Any CPU.Build.0 = CodeAnalysis|Any CPU
		{F66E1DEA-2F9D-4130-88A5-8D860412668D}.Debug_notCfSamples|Any CPU.ActiveCfg = Debug|Any CPU
		{F66E1DEA-2F9D-4130-88A5-8D860412668D}.Debug_notCfSamples|Any CPU.Build.0 = Debug|Any CPU
		{F66E1DEA-2F9D-4130-88A5-8D860412668D}.Debug|Any CPU.ActiveCfg = Debug|Any CPU
		{F66E1DEA-2F9D-4130-88A5-8D860412668D}.Debug|Any CPU.Build.0 = Debug|Any CPU
		{F66E1DEA-2F9D-4130-88A5-8D860412668D}.Release|Any CPU.ActiveCfg = Release|Any CPU
		{F66E1DEA-2F9D-4130-88A5-8D860412668D}.Release|Any CPU.Build.0 = Release|Any CPU
	EndGlobalSection
	GlobalSection(SolutionProperties) = preSolution
		HideSolutionNode = FALSE
	EndGlobalSection
	GlobalSection(NestedProjects) = preSolution
		{F4916EB7-E4E6-4AE4-B606-37C884B0DF33} = {D5AAD6E3-5411-496A-9E80-7AC8066EC1AE}
	EndGlobalSection
EndGlobal
