
Microsoft Visual Studio Solution File, Format Version 11.00
# Visual C# Express 2010
Project("{FAE04EC0-301F-11D3-BF4B-00C04F79EFBC}") = "fsbBlueToothCallerID", "fsbBlueToothCallerID\fsbBlueToothCallerID.csproj", "{28F8D253-4D69-4DF0-B251-8D45F5F26D3B}"
EndProject
Global
	GlobalSection(SolutionConfigurationPlatforms) = preSolution
		Debug|Any CPU = Debug|Any CPU
		Release|Any CPU = Release|Any CPU
	EndGlobalSection
	GlobalSection(ProjectConfigurationPlatforms) = postSolution
		{28F8D253-4D69-4DF0-B251-8D45F5F26D3B}.Debug|Any CPU.ActiveCfg = Debug|Any CPU
		{28F8D253-4D69-4DF0-B251-8D45F5F26D3B}.Debug|Any CPU.Build.0 = Debug|Any CPU
		{28F8D253-4D69-4DF0-B251-8D45F5F26D3B}.Release|Any CPU.ActiveCfg = Release|Any CPU
		{28F8D253-4D69-4DF0-B251-8D45F5F26D3B}.Release|Any CPU.Build.0 = Release|Any CPU
	EndGlobalSection
	GlobalSection(SolutionProperties) = preSolution
		HideSolutionNode = FALSE
	EndGlobalSection
EndGlobal
