
Microsoft Visual Studio Solution File, Format Version 10.00
# Visual Studio 2008
Project("{FAE04EC0-301F-11D3-BF4B-00C04F79EFBC}") = "RemotingClient", "RemotingClient.csproj", "{46DFEC35-4AEB-4901-8B92-CB85CBE376AA}"
EndProject
Global
	GlobalSection(SolutionConfigurationPlatforms) = preSolution
		Debug|Any CPU = Debug|Any CPU
		Release|Any CPU = Release|Any CPU
	EndGlobalSection
	GlobalSection(ProjectConfigurationPlatforms) = postSolution
		{46DFEC35-4AEB-4901-8B92-CB85CBE376AA}.Debug|Any CPU.ActiveCfg = Debug|Any CPU
		{46DFEC35-4AEB-4901-8B92-CB85CBE376AA}.Debug|Any CPU.Build.0 = Debug|Any CPU
		{46DFEC35-4AEB-4901-8B92-CB85CBE376AA}.Release|Any CPU.ActiveCfg = Release|Any CPU
		{46DFEC35-4AEB-4901-8B92-CB85CBE376AA}.Release|Any CPU.Build.0 = Release|Any CPU
	EndGlobalSection
	GlobalSection(SolutionProperties) = preSolution
		HideSolutionNode = FALSE
	EndGlobalSection
EndGlobal
