
Microsoft Visual Studio Solution File, Format Version 11.00
# Visual Basic Express 2010
Project("{F184B08F-C81C-45F6-A57F-5ABD9991F28F}") = "MessagingToolkit.Core.Utilities", "MessagingToolkit.Core.Utilities.vbproj", "{405373DE-8634-4738-BA16-DE4FA6204AE4}"
EndProject
Global
	GlobalSection(SolutionConfigurationPlatforms) = preSolution
		Debug|Any CPU = Debug|Any CPU
		Release|Any CPU = Release|Any CPU
	EndGlobalSection
	GlobalSection(ProjectConfigurationPlatforms) = postSolution
		{405373DE-8634-4738-BA16-DE4FA6204AE4}.Debug|Any CPU.ActiveCfg = Debug|Any CPU
		{405373DE-8634-4738-BA16-DE4FA6204AE4}.Debug|Any CPU.Build.0 = Debug|Any CPU
		{405373DE-8634-4738-BA16-DE4FA6204AE4}.Release|Any CPU.ActiveCfg = Release|Any CPU
		{405373DE-8634-4738-BA16-DE4FA6204AE4}.Release|Any CPU.Build.0 = Release|Any CPU
	EndGlobalSection
	GlobalSection(SolutionProperties) = preSolution
		HideSolutionNode = FALSE
	EndGlobalSection
EndGlobal
